
Microsoft Visual Studio Solution File, Format Version 12.00
# Visual Studio Version 17
VisualStudioVersion = 17.11.35312.102
MinimumVisualStudioVersion = 10.0.40219.1
Project("{2150E333-8FDC-42A3-9474-1A3956D46DE8}") = "Services", "Services", "{81F46A19-D5A1-4F6D-A053-1CE3E68131CA}"
EndProject
Project("{2150E333-8FDC-42A3-9474-1A3956D46DE8}") = "Catalog", "Catalog", "{03C87F4B-6407-4C5D-BBE1-3109580B2E2D}"
EndProject
Project("{9A19103F-16F7-4668-BE54-9A1E7A4F7556}") = "Catalog.API", "Services\Catalog\Catalog.API\Catalog.API.csproj", "{269AEDCD-86C7-4B02-B4E4-96C9C133F464}"
EndProject
Project("{2150E333-8FDC-42A3-9474-1A3956D46DE8}") = "BuildingBlocks", "BuildingBlocks", "{F0B3334B-E905-4FE2-B9F5-79DF7AFD0878}"
EndProject
Project("{9A19103F-16F7-4668-BE54-9A1E7A4F7556}") = "BuildingBlocks", "BuildingBlocks\BuildingBlocks\BuildingBlocks.csproj", "{0B255449-021B-4CF9-9C4A-D69FA637A434}"
EndProject
Project("{E53339B2-1760-4266-BCC7-CA923CBCF16C}") = "docker-compose", "docker-compose.dcproj", "{2176C609-F958-4803-9472-6CA94775BC9F}"
EndProject
Project("{FAE04EC0-301F-11D3-BF4B-00C04F79EFBC}") = "Basket.API", "Services\Basket\Basket.API\Basket.API.csproj", "{B7EEA5F8-2FCC-4730-AD69-800919225A60}"
EndProject
Project("{2150E333-8FDC-42A3-9474-1A3956D46DE8}") = "basket", "basket", "{02EA681E-C7D8-13C7-8484-4AC65E1B71E8}"
EndProject
Project("{2150E333-8FDC-42A3-9474-1A3956D46DE8}") = "Discount", "Discount", "{8640B98F-FE1E-401C-8722-392715D7E039}"
EndProject
Project("{FAE04EC0-301F-11D3-BF4B-00C04F79EFBC}") = "Discount.Grpc", "Services\Discount\Discount.Grpc\Discount.Grpc.csproj", "{E5E6C1FD-B2D8-4E62-A621-60AE8623085B}"
EndProject
Project("{2150E333-8FDC-42A3-9474-1A3956D46DE8}") = "Ordering", "Ordering", "{57C2C69C-4F73-4EC2-9B62-36901470C711}"
EndProject
Project("{FAE04EC0-301F-11D3-BF4B-00C04F79EFBC}") = "Ordering.API", "Services\Ordering\Ordering.API\Ordering.API.csproj", "{6E25881A-B86A-4A19-B11A-5B1A98511EA0}"
EndProject
Global
	GlobalSection(SolutionConfigurationPlatforms) = preSolution
		Debug|Any CPU = Debug|Any CPU
		Release|Any CPU = Release|Any CPU
	EndGlobalSection
	GlobalSection(ProjectConfigurationPlatforms) = postSolution
		{269AEDCD-86C7-4B02-B4E4-96C9C133F464}.Debug|Any CPU.ActiveCfg = Debug|Any CPU
		{269AEDCD-86C7-4B02-B4E4-96C9C133F464}.Debug|Any CPU.Build.0 = Debug|Any CPU
		{269AEDCD-86C7-4B02-B4E4-96C9C133F464}.Release|Any CPU.ActiveCfg = Release|Any CPU
		{269AEDCD-86C7-4B02-B4E4-96C9C133F464}.Release|Any CPU.Build.0 = Release|Any CPU
		{0B255449-021B-4CF9-9C4A-D69FA637A434}.Debug|Any CPU.ActiveCfg = Debug|Any CPU
		{0B255449-021B-4CF9-9C4A-D69FA637A434}.Debug|Any CPU.Build.0 = Debug|Any CPU
		{0B255449-021B-4CF9-9C4A-D69FA637A434}.Release|Any CPU.ActiveCfg = Release|Any CPU
		{0B255449-021B-4CF9-9C4A-D69FA637A434}.Release|Any CPU.Build.0 = Release|Any CPU
		{2176C609-F958-4803-9472-6CA94775BC9F}.Debug|Any CPU.ActiveCfg = Debug|Any CPU
		{2176C609-F958-4803-9472-6CA94775BC9F}.Debug|Any CPU.Build.0 = Debug|Any CPU
		{2176C609-F958-4803-9472-6CA94775BC9F}.Release|Any CPU.ActiveCfg = Release|Any CPU
		{2176C609-F958-4803-9472-6CA94775BC9F}.Release|Any CPU.Build.0 = Release|Any CPU
		{B7EEA5F8-2FCC-4730-AD69-800919225A60}.Debug|Any CPU.ActiveCfg = Debug|Any CPU
		{B7EEA5F8-2FCC-4730-AD69-800919225A60}.Debug|Any CPU.Build.0 = Debug|Any CPU
		{B7EEA5F8-2FCC-4730-AD69-800919225A60}.Release|Any CPU.ActiveCfg = Release|Any CPU
		{B7EEA5F8-2FCC-4730-AD69-800919225A60}.Release|Any CPU.Build.0 = Release|Any CPU
		{E5E6C1FD-B2D8-4E62-A621-60AE8623085B}.Debug|Any CPU.ActiveCfg = Debug|Any CPU
		{E5E6C1FD-B2D8-4E62-A621-60AE8623085B}.Debug|Any CPU.Build.0 = Debug|Any CPU
		{E5E6C1FD-B2D8-4E62-A621-60AE8623085B}.Release|Any CPU.ActiveCfg = Release|Any CPU
		{E5E6C1FD-B2D8-4E62-A621-60AE8623085B}.Release|Any CPU.Build.0 = Release|Any CPU
		{6E25881A-B86A-4A19-B11A-5B1A98511EA0}.Debug|Any CPU.ActiveCfg = Debug|Any CPU
		{6E25881A-B86A-4A19-B11A-5B1A98511EA0}.Debug|Any CPU.Build.0 = Debug|Any CPU
		{6E25881A-B86A-4A19-B11A-5B1A98511EA0}.Release|Any CPU.ActiveCfg = Release|Any CPU
		{6E25881A-B86A-4A19-B11A-5B1A98511EA0}.Release|Any CPU.Build.0 = Release|Any CPU
	EndGlobalSection
	GlobalSection(SolutionProperties) = preSolution
		HideSolutionNode = FALSE
	EndGlobalSection
	GlobalSection(NestedProjects) = preSolution
		{03C87F4B-6407-4C5D-BBE1-3109580B2E2D} = {81F46A19-D5A1-4F6D-A053-1CE3E68131CA}
		{269AEDCD-86C7-4B02-B4E4-96C9C133F464} = {03C87F4B-6407-4C5D-BBE1-3109580B2E2D}
		{0B255449-021B-4CF9-9C4A-D69FA637A434} = {F0B3334B-E905-4FE2-B9F5-79DF7AFD0878}
		{B7EEA5F8-2FCC-4730-AD69-800919225A60} = {02EA681E-C7D8-13C7-8484-4AC65E1B71E8}
		{02EA681E-C7D8-13C7-8484-4AC65E1B71E8} = {81F46A19-D5A1-4F6D-A053-1CE3E68131CA}
		{8640B98F-FE1E-401C-8722-392715D7E039} = {81F46A19-D5A1-4F6D-A053-1CE3E68131CA}
		{E5E6C1FD-B2D8-4E62-A621-60AE8623085B} = {8640B98F-FE1E-401C-8722-392715D7E039}
		{57C2C69C-4F73-4EC2-9B62-36901470C711} = {81F46A19-D5A1-4F6D-A053-1CE3E68131CA}
		{6E25881A-B86A-4A19-B11A-5B1A98511EA0} = {57C2C69C-4F73-4EC2-9B62-36901470C711}
	EndGlobalSection
	GlobalSection(ExtensibilityGlobals) = postSolution
		SolutionGuid = {BF239559-F872-4FD0-9B15-419BC59652C4}
	EndGlobalSection
EndGlobal
